
Microsoft Visual Studio Solution File, Format Version 12.00
# Visual Studio Version 16
VisualStudioVersion = 16.0.29920.165
MinimumVisualStudioVersion = 10.0.40219.1
Project("{FAE04EC0-301F-11D3-BF4B-00C04F79EFBC}") = "TelCoTestLogin", "TelCoTestLogin\TelCoTestLogin.csproj", "{8ACBF706-E484-4330-9DDD-502DEE5CA252}"
EndProject
Global
	GlobalSection(SolutionConfigurationPlatforms) = preSolution
		Debug|Any CPU = Debug|Any CPU
		Release|Any CPU = Release|Any CPU
	EndGlobalSection
	GlobalSection(ProjectConfigurationPlatforms) = postSolution
		{8ACBF706-E484-4330-9DDD-502DEE5CA252}.Debug|Any CPU.ActiveCfg = Debug|Any CPU
		{8ACBF706-E484-4330-9DDD-502DEE5CA252}.Debug|Any CPU.Build.0 = Debug|Any CPU
		{8ACBF706-E484-4330-9DDD-502DEE5CA252}.Release|Any CPU.ActiveCfg = Release|Any CPU
		{8ACBF706-E484-4330-9DDD-502DEE5CA252}.Release|Any CPU.Build.0 = Release|Any CPU
	EndGlobalSection
	GlobalSection(SolutionProperties) = preSolution
		HideSolutionNode = FALSE
	EndGlobalSection
	GlobalSection(ExtensibilityGlobals) = postSolution
		SolutionGuid = {8A41C66E-B631-4358-AF9E-8C2487AD7E02}
	EndGlobalSection
EndGlobal
